// !$*UTF8*$!
{
	archiveVersion = 1;
	classes = {
	};
	objectVersion = 48;
	objects = {

/* Begin PBXBuildFile section */
		84FAC8DE2031000C00F6830E /* AppDelegate.swift in Sources */ = {isa = PBXBuildFile; fileRef = 84FAC8DD2031000C00F6830E /* AppDelegate.swift */; };
		84FAC8E02031000C00F6830E /* ViewController.swift in Sources */ = {isa = PBXBuildFile; fileRef = 84FAC8DF2031000C00F6830E /* ViewController.swift */; };
		84FAC8E32031000C00F6830E /* Main.storyboard in Resources */ = {isa = PBXBuildFile; fileRef = 84FAC8E12031000C00F6830E /* Main.storyboard */; };
		84FAC8E52031000C00F6830E /* Assets.xcassets in Resources */ = {isa = PBXBuildFile; fileRef = 84FAC8E42031000C00F6830E /* Assets.xcassets */; };
		84FAC8E82031000C00F6830E /* LaunchScreen.storyboard in Resources */ = {isa = PBXBuildFile; fileRef = 84FAC8E62031000C00F6830E /* LaunchScreen.storyboard */; };
		84FAC8F32031000D00F6830E /* MemoryTests.swift in Sources */ = {isa = PBXBuildFile; fileRef = 84FAC8F22031000D00F6830E /* MemoryTests.swift */; };
		84FAC8FE2031000D00F6830E /* MemoryUITests.swift in Sources */ = {isa = PBXBuildFile; fileRef = 84FAC8FD2031000D00F6830E /* MemoryUITests.swift */; };
/* End PBXBuildFile section */

/* Begin PBXContainerItemProxy section */
		84FAC8EF2031000D00F6830E /* PBXContainerItemProxy */ = {
			isa = PBXContainerItemProxy;
			containerPortal = 84FAC8D22031000C00F6830E /* Project object */;
			proxyType = 1;
			remoteGlobalIDString = 84FAC8D92031000C00F6830E;
			remoteInfo = Memory;
		};
		84FAC8FA2031000D00F6830E /* PBXContainerItemProxy */ = {
			isa = PBXContainerItemProxy;
			containerPortal = 84FAC8D22031000C00F6830E /* Project object */;
			proxyType = 1;
			remoteGlobalIDString = 84FAC8D92031000C00F6830E;
			remoteInfo = Memory;
		};
/* End PBXContainerItemProxy section */

/* Begin PBXFileReference section */
		84FAC8DA2031000C00F6830E /* Memory.app */ = {isa = PBXFileReference; explicitFileType = wrapper.application; includeInIndex = 0; path = Memory.app; sourceTree = BUILT_PRODUCTS_DIR; };
		84FAC8DD2031000C00F6830E /* AppDelegate.swift */ = {isa = PBXFileReference; lastKnownFileType = sourcecode.swift; path = AppDelegate.swift; sourceTree = "<group>"; };
		84FAC8DF2031000C00F6830E /* ViewController.swift */ = {isa = PBXFileReference; lastKnownFileType = sourcecode.swift; path = ViewController.swift; sourceTree = "<group>"; };
		84FAC8E22031000C00F6830E /* Base */ = {isa = PBXFileReference; lastKnownFileType = file.storyboard; name = Base; path = Base.lproj/Main.storyboard; sourceTree = "<group>"; };
		84FAC8E42031000C00F6830E /* Assets.xcassets */ = {isa = PBXFileReference; lastKnownFileType = folder.assetcatalog; path = Assets.xcassets; sourceTree = "<group>"; };
		84FAC8E72031000C00F6830E /* Base */ = {isa = PBXFileReference; lastKnownFileType = file.storyboard; name = Base; path = Base.lproj/LaunchScreen.storyboard; sourceTree = "<group>"; };
		84FAC8E92031000C00F6830E /* Info.plist */ = {isa = PBXFileReference; lastKnownFileType = text.plist.xml; path = Info.plist; sourceTree = "<group>"; };
		84FAC8EE2031000D00F6830E /* MemoryTests.xctest */ = {isa = PBXFileReference; explicitFileType = wrapper.cfbundle; includeInIndex = 0; path = MemoryTests.xctest; sourceTree = BUILT_PRODUCTS_DIR; };
		84FAC8F22031000D00F6830E /* MemoryTests.swift */ = {isa = PBXFileReference; lastKnownFileType = sourcecode.swift; path = MemoryTests.swift; sourceTree = "<group>"; };
		84FAC8F42031000D00F6830E /* Info.plist */ = {isa = PBXFileReference; lastKnownFileType = text.plist.xml; path = Info.plist; sourceTree = "<group>"; };
		84FAC8F92031000D00F6830E /* MemoryUITests.xctest */ = {isa = PBXFileReference; explicitFileType = wrapper.cfbundle; includeInIndex = 0; path = MemoryUITests.xctest; sourceTree = BUILT_PRODUCTS_DIR; };
		84FAC8FD2031000D00F6830E /* MemoryUITests.swift */ = {isa = PBXFileReference; lastKnownFileType = sourcecode.swift; path = MemoryUITests.swift; sourceTree = "<group>"; };
		84FAC8FF2031000D00F6830E /* Info.plist */ = {isa = PBXFileReference; lastKnownFileType = text.plist.xml; path = Info.plist; sourceTree = "<group>"; };
/* End PBXFileReference section */

/* Begin PBXFrameworksBuildPhase section */
		84FAC8D72031000C00F6830E /* Frameworks */ = {
			isa = PBXFrameworksBuildPhase;
			buildActionMask = 2147483647;
			files = (
			);
			runOnlyForDeploymentPostprocessing = 0;
		};
		84FAC8EB2031000D00F6830E /* Frameworks */ = {
			isa = PBXFrameworksBuildPhase;
			buildActionMask = 2147483647;
			files = (
			);
			runOnlyForDeploymentPostprocessing = 0;
		};
		84FAC8F62031000D00F6830E /* Frameworks */ = {
			isa = PBXFrameworksBuildPhase;
			buildActionMask = 2147483647;
			files = (
			);
			runOnlyForDeploymentPostprocessing = 0;
		};
/* End PBXFrameworksBuildPhase section */

/* Begin PBXGroup section */
		84FAC8D12031000C00F6830E = {
			isa = PBXGroup;
			children = (
				84FAC8DC2031000C00F6830E /* Memory */,
				84FAC8F12031000D00F6830E /* MemoryTests */,
				84FAC8FC2031000D00F6830E /* MemoryUITests */,
				84FAC8DB2031000C00F6830E /* Products */,
			);
			sourceTree = "<group>";
		};
		84FAC8DB2031000C00F6830E /* Products */ = {
			isa = PBXGroup;
			children = (
				84FAC8DA2031000C00F6830E /* Memory.app */,
				84FAC8EE2031000D00F6830E /* MemoryTests.xctest */,
				84FAC8F92031000D00F6830E /* MemoryUITests.xctest */,
			);
			name = Products;
			sourceTree = "<group>";
		};
		84FAC8DC2031000C00F6830E /* Memory */ = {
			isa = PBXGroup;
			children = (
				84FAC8DD2031000C00F6830E /* AppDelegate.swift */,
				84FAC8DF2031000C00F6830E /* ViewController.swift */,
				84FAC8E12031000C00F6830E /* Main.storyboard */,
				84FAC8E42031000C00F6830E /* Assets.xcassets */,
				84FAC8E62031000C00F6830E /* LaunchScreen.storyboard */,
				84FAC8E92031000C00F6830E /* Info.plist */,
			);
			path = Memory;
			sourceTree = "<group>";
		};
		84FAC8F12031000D00F6830E /* MemoryTests */ = {
			isa = PBXGroup;
			children = (
				84FAC8F22031000D00F6830E /* MemoryTests.swift */,
				84FAC8F42031000D00F6830E /* Info.plist */,
			);
			path = MemoryTests;
			sourceTree = "<group>";
		};
		84FAC8FC2031000D00F6830E /* MemoryUITests */ = {
			isa = PBXGroup;
			children = (
				84FAC8FD2031000D00F6830E /* MemoryUITests.swift */,
				84FAC8FF2031000D00F6830E /* Info.plist */,
			);
			path = MemoryUITests;
			sourceTree = "<group>";
		};
/* End PBXGroup section */

/* Begin PBXNativeTarget section */
		84FAC8D92031000C00F6830E /* Memory */ = {
			isa = PBXNativeTarget;
			buildConfigurationList = 84FAC9022031000D00F6830E /* Build configuration list for PBXNativeTarget "Memory" */;
			buildPhases = (
				84FAC8D62031000C00F6830E /* Sources */,
				84FAC8D72031000C00F6830E /* Frameworks */,
				84FAC8D82031000C00F6830E /* Resources */,
			);
			buildRules = (
			);
			dependencies = (
			);
			name = Memory;
			productName = Memory;
			productReference = 84FAC8DA2031000C00F6830E /* Memory.app */;
			productType = "com.apple.product-type.application";
		};
		84FAC8ED2031000D00F6830E /* MemoryTests */ = {
			isa = PBXNativeTarget;
			buildConfigurationList = 84FAC9052031000D00F6830E /* Build configuration list for PBXNativeTarget "MemoryTests" */;
			buildPhases = (
				84FAC8EA2031000D00F6830E /* Sources */,
				84FAC8EB2031000D00F6830E /* Frameworks */,
				84FAC8EC2031000D00F6830E /* Resources */,
			);
			buildRules = (
			);
			dependencies = (
				84FAC8F02031000D00F6830E /* PBXTargetDependency */,
			);
			name = MemoryTests;
			productName = MemoryTests;
			productReference = 84FAC8EE2031000D00F6830E /* MemoryTests.xctest */;
			productType = "com.apple.product-type.bundle.unit-test";
		};
		84FAC8F82031000D00F6830E /* MemoryUITests */ = {
			isa = PBXNativeTarget;
			buildConfigurationList = 84FAC9082031000D00F6830E /* Build configuration list for PBXNativeTarget "MemoryUITests" */;
			buildPhases = (
				84FAC8F52031000D00F6830E /* Sources */,
				84FAC8F62031000D00F6830E /* Frameworks */,
				84FAC8F72031000D00F6830E /* Resources */,
			);
			buildRules = (
			);
			dependencies = (
				84FAC8FB2031000D00F6830E /* PBXTargetDependency */,
			);
			name = MemoryUITests;
			productName = MemoryUITests;
			productReference = 84FAC8F92031000D00F6830E /* MemoryUITests.xctest */;
			productType = "com.apple.product-type.bundle.ui-testing";
		};
/* End PBXNativeTarget section */

/* Begin PBXProject section */
		84FAC8D22031000C00F6830E /* Project object */ = {
			isa = PBXProject;
			attributes = {
				LastSwiftUpdateCheck = 0920;
				LastUpgradeCheck = 0920;
				ORGANIZATIONNAME = Rooh;
				TargetAttributes = {
					84FAC8D92031000C00F6830E = {
						CreatedOnToolsVersion = 9.2;
						ProvisioningStyle = Automatic;
					};
					84FAC8ED2031000D00F6830E = {
						CreatedOnToolsVersion = 9.2;
						ProvisioningStyle = Automatic;
						TestTargetID = 84FAC8D92031000C00F6830E;
					};
					84FAC8F82031000D00F6830E = {
						CreatedOnToolsVersion = 9.2;
						ProvisioningStyle = Automatic;
						TestTargetID = 84FAC8D92031000C00F6830E;
					};
				};
			};
			buildConfigurationList = 84FAC8D52031000C00F6830E /* Build configuration list for PBXProject "Memory" */;
			compatibilityVersion = "Xcode 8.0";
			developmentRegion = en;
			hasScannedForEncodings = 0;
			knownRegions = (
				en,
				Base,
			);
			mainGroup = 84FAC8D12031000C00F6830E;
			productRefGroup = 84FAC8DB2031000C00F6830E /* Products */;
			projectDirPath = "";
			projectRoot = "";
			targets = (
				84FAC8D92031000C00F6830E /* Memory */,
				84FAC8ED2031000D00F6830E /* MemoryTests */,
				84FAC8F82031000D00F6830E /* MemoryUITests */,
			);
		};
/* End PBXProject section */

/* Begin PBXResourcesBuildPhase section */
		84FAC8D82031000C00F6830E /* Resources */ = {
			isa = PBXResourcesBuildPhase;
			buildActionMask = 2147483647;
			files = (
				84FAC8E82031000C00F6830E /* LaunchScreen.storyboard in Resources */,
				84FAC8E52031000C00F6830E /* Assets.xcassets in Resources */,
				84FAC8E32031000C00F6830E /* Main.storyboard in Resources */,
			);
			runOnlyForDeploymentPostprocessing = 0;
		};
		84FAC8EC2031000D00F6830E /* Resources */ = {
			isa = PBXResourcesBuildPhase;
			buildActionMask = 2147483647;
			files = (
			);
			runOnlyForDeploymentPostprocessing = 0;
		};
		84FAC8F72031000D00F6830E /* Resources */ = {
			isa = PBXResourcesBuildPhase;
			buildActionMask = 2147483647;
			files = (
			);
			runOnlyForDeploymentPostprocessing = 0;
		};
/* End PBXResourcesBuildPhase section */

/* Begin PBXSourcesBuildPhase section */
		84FAC8D62031000C00F6830E /* Sources */ = {
			isa = PBXSourcesBuildPhase;
			buildActionMask = 2147483647;
			files = (
				84FAC8E02031000C00F6830E /* ViewController.swift in Sources */,
				84FAC8DE2031000C00F6830E /* AppDelegate.swift in Sources */,
			);
			runOnlyForDeploymentPostprocessing = 0;
		};
		84FAC8EA2031000D00F6830E /* Sources */ = {
			isa = PBXSourcesBuildPhase;
			buildActionMask = 2147483647;
			files = (
				84FAC8F32031000D00F6830E /* MemoryTests.swift in Sources */,
			);
			runOnlyForDeploymentPostprocessing = 0;
		};
		84FAC8F52031000D00F6830E /* Sources */ = {
			isa = PBXSourcesBuildPhase;
			buildActionMask = 2147483647;
			files = (
				84FAC8FE2031000D00F6830E /* MemoryUITests.swift in Sources */,
			);
			runOnlyForDeploymentPostprocessing = 0;
		};
/* End PBXSourcesBuildPhase section */

/* Begin PBXTargetDependency section */
		84FAC8F02031000D00F6830E /* PBXTargetDependency */ = {
			isa = PBXTargetDependency;
			target = 84FAC8D92031000C00F6830E /* Memory */;
			targetProxy = 84FAC8EF2031000D00F6830E /* PBXContainerItemProxy */;
		};
		84FAC8FB2031000D00F6830E /* PBXTargetDependency */ = {
			isa = PBXTargetDependency;
			target = 84FAC8D92031000C00F6830E /* Memory */;
			targetProxy = 84FAC8FA2031000D00F6830E /* PBXContainerItemProxy */;
		};
/* End PBXTargetDependency section */

/* Begin PBXVariantGroup section */
		84FAC8E12031000C00F6830E /* Main.storyboard */ = {
			isa = PBXVariantGroup;
			children = (
				84FAC8E22031000C00F6830E /* Base */,
			);
			name = Main.storyboard;
			sourceTree = "<group>";
		};
		84FAC8E62031000C00F6830E /* LaunchScreen.storyboard */ = {
			isa = PBXVariantGroup;
			children = (
				84FAC8E72031000C00F6830E /* Base */,
			);
			name = LaunchScreen.storyboard;
			sourceTree = "<group>";
		};
/* End PBXVariantGroup section */

/* Begin XCBuildConfiguration section */
		84FAC9002031000D00F6830E /* Debug */ = {
			isa = XCBuildConfiguration;
			buildSettings = {
				ALWAYS_SEARCH_USER_PATHS = NO;
				CLANG_ANALYZER_NONNULL = YES;
				CLANG_ANALYZER_NUMBER_OBJECT_CONVERSION = YES_AGGRESSIVE;
				CLANG_CXX_LANGUAGE_STANDARD = "gnu++14";
				CLANG_CXX_LIBRARY = "libc++";
				CLANG_ENABLE_MODULES = YES;
				CLANG_ENABLE_OBJC_ARC = YES;
				CLANG_WARN_BLOCK_CAPTURE_AUTORELEASING = YES;
				CLANG_WARN_BOOL_CONVERSION = YES;
				CLANG_WARN_COMMA = YES;
				CLANG_WARN_CONSTANT_CONVERSION = YES;
				CLANG_WARN_DIRECT_OBJC_ISA_USAGE = YES_ERROR;
				CLANG_WARN_DOCUMENTATION_COMMENTS = YES;
				CLANG_WARN_EMPTY_BODY = YES;
				CLANG_WARN_ENUM_CONVERSION = YES;
				CLANG_WARN_INFINITE_RECURSION = YES;
				CLANG_WARN_INT_CONVERSION = YES;
				CLANG_WARN_NON_LITERAL_NULL_CONVERSION = YES;
				CLANG_WARN_OBJC_LITERAL_CONVERSION = YES;
				CLANG_WARN_OBJC_ROOT_CLASS = YES_ERROR;
				CLANG_WARN_RANGE_LOOP_ANALYSIS = YES;
				CLANG_WARN_STRICT_PROTOTYPES = YES;
				CLANG_WARN_SUSPICIOUS_MOVE = YES;
				CLANG_WARN_UNGUARDED_AVAILABILITY = YES_AGGRESSIVE;
				CLANG_WARN_UNREACHABLE_CODE = YES;
				CLANG_WARN__DUPLICATE_METHOD_MATCH = YES;
				CODE_SIGN_IDENTITY = "iPhone Developer";
				COPY_PHASE_STRIP = NO;
				DEBUG_INFORMATION_FORMAT = dwarf;
				ENABLE_STRICT_OBJC_MSGSEND = YES;
				ENABLE_TESTABILITY = YES;
				GCC_C_LANGUAGE_STANDARD = gnu11;
				GCC_DYNAMIC_NO_PIC = NO;
				GCC_NO_COMMON_BLOCKS = YES;
				GCC_OPTIMIZATION_LEVEL = 0;
				GCC_PREPROCESSOR_DEFINITIONS = (
					"DEBUG=1",
					"$(inherited)",
				);
				GCC_WARN_64_TO_32_BIT_CONVERSION = YES;
				GCC_WARN_ABOUT_RETURN_TYPE = YES_ERROR;
				GCC_WARN_UNDECLARED_SELECTOR = YES;
				GCC_WARN_UNINITIALIZED_AUTOS = YES_AGGRESSIVE;
				GCC_WARN_UNUSED_FUNCTION = YES;
				GCC_WARN_UNUSED_VARIABLE = YES;
				IPHONEOS_DEPLOYMENT_TARGET = 11.2;
				MTL_ENABLE_DEBUG_INFO = YES;
				ONLY_ACTIVE_ARCH = YES;
				SDKROOT = iphoneos;
				SWIFT_ACTIVE_COMPILATION_CONDITIONS = DEBUG;
				SWIFT_OPTIMIZATION_LEVEL = "-Onone";
			};
			name = Debug;
		};
		84FAC9012031000D00F6830E /* Release */ = {
			isa = XCBuildConfiguration;
			buildSettings = {
				ALWAYS_SEARCH_USER_PATHS = NO;
				CLANG_ANALYZER_NONNULL = YES;
				CLANG_ANALYZER_NUMBER_OBJECT_CONVERSION = YES_AGGRESSIVE;
				CLANG_CXX_LANGUAGE_STANDARD = "gnu++14";
				CLANG_CXX_LIBRARY = "libc++";
				CLANG_ENABLE_MODULES = YES;
				CLANG_ENABLE_OBJC_ARC = YES;
				CLANG_WARN_BLOCK_CAPTURE_AUTORELEASING = YES;
				CLANG_WARN_BOOL_CONVERSION = YES;
				CLANG_WARN_COMMA = YES;
				CLANG_WARN_CONSTANT_CONVERSION = YES;
				CLANG_WARN_DIRECT_OBJC_ISA_USAGE = YES_ERROR;
				CLANG_WARN_DOCUMENTATION_COMMENTS = YES;
				CLANG_WARN_EMPTY_BODY = YES;
				CLANG_WARN_ENUM_CONVERSION = YES;
				CLANG_WARN_INFINITE_RECURSION = YES;
				CLANG_WARN_INT_CONVERSION = YES;
				CLANG_WARN_NON_LITERAL_NULL_CONVERSION = YES;
				CLANG_WARN_OBJC_LITERAL_CONVERSION = YES;
				CLANG_WARN_OBJC_ROOT_CLASS = YES_ERROR;
				CLANG_WARN_RANGE_LOOP_ANALYSIS = YES;
				CLANG_WARN_STRICT_PROTOTYPES = YES;
				CLANG_WARN_SUSPICIOUS_MOVE = YES;
				CLANG_WARN_UNGUARDED_AVAILABILITY = YES_AGGRESSIVE;
				CLANG_WARN_UNREACHABLE_CODE = YES;
				CLANG_WARN__DUPLICATE_METHOD_MATCH = YES;
				CODE_SIGN_IDENTITY = "iPhone Developer";
				COPY_PHASE_STRIP = NO;
				DEBUG_INFORMATION_FORMAT = "dwarf-with-dsym";
				ENABLE_NS_ASSERTIONS = NO;
				ENABLE_STRICT_OBJC_MSGSEND = YES;
				GCC_C_LANGUAGE_STANDARD = gnu11;
				GCC_NO_COMMON_BLOCKS = YES;
				GCC_WARN_64_TO_32_BIT_CONVERSION = YES;
				GCC_WARN_ABOUT_RETURN_TYPE = YES_ERROR;
				GCC_WARN_UNDECLARED_SELECTOR = YES;
				GCC_WARN_UNINITIALIZED_AUTOS = YES_AGGRESSIVE;
				GCC_WARN_UNUSED_FUNCTION = YES;
				GCC_WARN_UNUSED_VARIABLE = YES;
				IPHONEOS_DEPLOYMENT_TARGET = 11.2;
				MTL_ENABLE_DEBUG_INFO = NO;
				SDKROOT = iphoneos;
				SWIFT_OPTIMIZATION_LEVEL = "-Owholemodule";
				VALIDATE_PRODUCT = YES;
			};
			name = Release;
		};
		84FAC9032031000D00F6830E /* Debug */ = {
			isa = XCBuildConfiguration;
			buildSettings = {
				ASSETCATALOG_COMPILER_APPICON_NAME = AppIcon;
				CODE_SIGN_STYLE = Automatic;
				INFOPLIST_FILE = Memory/Info.plist;
				LD_RUNPATH_SEARCH_PATHS = "$(inherited) @executable_path/Frameworks";
				PRODUCT_BUNDLE_IDENTIFIER = edu.sjsu.cmpe137.010013653.Memory;
				PRODUCT_NAME = "$(TARGET_NAME)";
				SWIFT_VERSION = 4.0;
				TARGETED_DEVICE_FAMILY = "1,2";
			};
			name = Debug;
		};
		84FAC9042031000D00F6830E /* Release */ = {
			isa = XCBuildConfiguration;
			buildSettings = {
				ASSETCATALOG_COMPILER_APPICON_NAME = AppIcon;
				CODE_SIGN_STYLE = Automatic;
				INFOPLIST_FILE = Memory/Info.plist;
				LD_RUNPATH_SEARCH_PATHS = "$(inherited) @executable_path/Frameworks";
				PRODUCT_BUNDLE_IDENTIFIER = edu.sjsu.cmpe137.010013653.Memory;
				PRODUCT_NAME = "$(TARGET_NAME)";
				SWIFT_VERSION = 4.0;
				TARGETED_DEVICE_FAMILY = "1,2";
			};
			name = Release;
		};
		84FAC9062031000D00F6830E /* Debug */ = {
			isa = XCBuildConfiguration;
			buildSettings = {
				ALWAYS_EMBED_SWIFT_STANDARD_LIBRARIES = YES;
				BUNDLE_LOADER = "$(TEST_HOST)";
				CODE_SIGN_STYLE = Automatic;
				INFOPLIST_FILE = MemoryTests/Info.plist;
				LD_RUNPATH_SEARCH_PATHS = "$(inherited) @executable_path/Frameworks @loader_path/Frameworks";
				PRODUCT_BUNDLE_IDENTIFIER = edu.sjsu.cmpe137.010013653.MemoryTests;
				PRODUCT_NAME = "$(TARGET_NAME)";
				SWIFT_VERSION = 4.0;
				TARGETED_DEVICE_FAMILY = "1,2";
				TEST_HOST = "$(BUILT_PRODUCTS_DIR)/Memory.app/Memory";
			};
			name = Debug;
		};
		84FAC9072031000D00F6830E /* Release */ = {
			isa = XCBuildConfiguration;
			buildSettings = {
				ALWAYS_EMBED_SWIFT_STANDARD_LIBRARIES = YES;
				BUNDLE_LOADER = "$(TEST_HOST)";
				CODE_SIGN_STYLE = Automatic;
				INFOPLIST_FILE = MemoryTests/Info.plist;
				LD_RUNPATH_SEARCH_PATHS = "$(inherited) @executable_path/Frameworks @loader_path/Frameworks";
				PRODUCT_BUNDLE_IDENTIFIER = edu.sjsu.cmpe137.010013653.MemoryTests;
				PRODUCT_NAME = "$(TARGET_NAME)";
				SWIFT_VERSION = 4.0;
				TARGETED_DEVICE_FAMILY = "1,2";
				TEST_HOST = "$(BUILT_PRODUCTS_DIR)/Memory.app/Memory";
			};
			name = Release;
		};
		84FAC9092031000D00F6830E /* Debug */ = {
			isa = XCBuildConfiguration;
			buildSettings = {
				ALWAYS_EMBED_SWIFT_STANDARD_LIBRARIES = YES;
				CODE_SIGN_STYLE = Automatic;
				INFOPLIST_FILE = MemoryUITests/Info.plist;
				LD_RUNPATH_SEARCH_PATHS = "$(inherited) @executable_path/Frameworks @loader_path/Frameworks";
				PRODUCT_BUNDLE_IDENTIFIER = edu.sjsu.cmpe137.010013653.MemoryUITests;
				PRODUCT_NAME = "$(TARGET_NAME)";
				SWIFT_VERSION = 4.0;
				TARGETED_DEVICE_FAMILY = "1,2";
				TEST_TARGET_NAME = Memory;
			};
			name = Debug;
		};
		84FAC90A2031000D00F6830E /* Release */ = {
			isa = XCBuildConfiguration;
			buildSettings = {
				ALWAYS_EMBED_SWIFT_STANDARD_LIBRARIES = YES;
				CODE_SIGN_STYLE = Automatic;
				INFOPLIST_FILE = MemoryUITests/Info.plist;
				LD_RUNPATH_SEARCH_PATHS = "$(inherited) @executable_path/Frameworks @loader_path/Frameworks";
				PRODUCT_BUNDLE_IDENTIFIER = edu.sjsu.cmpe137.010013653.MemoryUITests;
				PRODUCT_NAME = "$(TARGET_NAME)";
				SWIFT_VERSION = 4.0;
				TARGETED_DEVICE_FAMILY = "1,2";
				TEST_TARGET_NAME = Memory;
			};
			name = Release;
		};
/* End XCBuildConfiguration section */

/* Begin XCConfigurationList section */
		84FAC8D52031000C00F6830E /* Build configuration list for PBXProject "Memory" */ = {
			isa = XCConfigurationList;
			buildConfigurations = (
				84FAC9002031000D00F6830E /* Debug */,
				84FAC9012031000D00F6830E /* Release */,
			);
			defaultConfigurationIsVisible = 0;
			defaultConfigurationName = Release;
		};
		84FAC9022031000D00F6830E /* Build configuration list for PBXNativeTarget "Memory" */ = {
			isa = XCConfigurationList;
			buildConfigurations = (
				84FAC9032031000D00F6830E /* Debug */,
				84FAC9042031000D00F6830E /* Release */,
			);
			defaultConfigurationIsVisible = 0;
			defaultConfigurationName = Release;
		};
		84FAC9052031000D00F6830E /* Build configuration list for PBXNativeTarget "MemoryTests" */ = {
			isa = XCConfigurationList;
			buildConfigurations = (
				84FAC9062031000D00F6830E /* Debug */,
				84FAC9072031000D00F6830E /* Release */,
			);
			defaultConfigurationIsVisible = 0;
			defaultConfigurationName = Release;
		};
		84FAC9082031000D00F6830E /* Build configuration list for PBXNativeTarget "MemoryUITests" */ = {
			isa = XCConfigurationList;
			buildConfigurations = (
				84FAC9092031000D00F6830E /* Debug */,
				84FAC90A2031000D00F6830E /* Release */,
			);
			defaultConfigurationIsVisible = 0;
			defaultConfigurationName = Release;
		};
/* End XCConfigurationList section */
	};
	rootObject = 84FAC8D22031000C00F6830E /* Project object */;
}
